
Microsoft Visual Studio Solution File, Format Version 12.00
# Visual Studio 14
VisualStudioVersion = 14.0.24720.0
MinimumVisualStudioVersion = 10.0.40219.1
Project("{FAE04EC0-301F-11D3-BF4B-00C04F79EFBC}") = "Esim", "Esim\Esim.csproj", "{3F6835D6-F550-4F43-BCE0-6EBF1CC91E4E}"
EndProject
Project("{FAE04EC0-301F-11D3-BF4B-00C04F79EFBC}") = "Esim2", "Esim2\Esim2.csproj", "{6D5B92D4-C157-4117-874D-B8216B7E07F3}"
EndProject
Project("{FAE04EC0-301F-11D3-BF4B-00C04F79EFBC}") = "EmployeeApp2", "EmployeeApp2\EmployeeApp2.csproj", "{721F4F32-4A06-4185-A6EC-EEFC28796D62}"
EndProject
Global
	GlobalSection(SolutionConfigurationPlatforms) = preSolution
		Debug|ARM = Debug|ARM
		Debug|x64 = Debug|x64
		Debug|x86 = Debug|x86
		Release|ARM = Release|ARM
		Release|x64 = Release|x64
		Release|x86 = Release|x86
	EndGlobalSection
	GlobalSection(ProjectConfigurationPlatforms) = postSolution
		{3F6835D6-F550-4F43-BCE0-6EBF1CC91E4E}.Debug|ARM.ActiveCfg = Debug|ARM
		{3F6835D6-F550-4F43-BCE0-6EBF1CC91E4E}.Debug|ARM.Build.0 = Debug|ARM
		{3F6835D6-F550-4F43-BCE0-6EBF1CC91E4E}.Debug|ARM.Deploy.0 = Debug|ARM
		{3F6835D6-F550-4F43-BCE0-6EBF1CC91E4E}.Debug|x64.ActiveCfg = Debug|x64
		{3F6835D6-F550-4F43-BCE0-6EBF1CC91E4E}.Debug|x64.Build.0 = Debug|x64
		{3F6835D6-F550-4F43-BCE0-6EBF1CC91E4E}.Debug|x64.Deploy.0 = Debug|x64
		{3F6835D6-F550-4F43-BCE0-6EBF1CC91E4E}.Debug|x86.ActiveCfg = Debug|x86
		{3F6835D6-F550-4F43-BCE0-6EBF1CC91E4E}.Debug|x86.Build.0 = Debug|x86
		{3F6835D6-F550-4F43-BCE0-6EBF1CC91E4E}.Debug|x86.Deploy.0 = Debug|x86
		{3F6835D6-F550-4F43-BCE0-6EBF1CC91E4E}.Release|ARM.ActiveCfg = Release|ARM
		{3F6835D6-F550-4F43-BCE0-6EBF1CC91E4E}.Release|ARM.Build.0 = Release|ARM
		{3F6835D6-F550-4F43-BCE0-6EBF1CC91E4E}.Release|ARM.Deploy.0 = Release|ARM
		{3F6835D6-F550-4F43-BCE0-6EBF1CC91E4E}.Release|x64.ActiveCfg = Release|x64
		{3F6835D6-F550-4F43-BCE0-6EBF1CC91E4E}.Release|x64.Build.0 = Release|x64
		{3F6835D6-F550-4F43-BCE0-6EBF1CC91E4E}.Release|x64.Deploy.0 = Release|x64
		{3F6835D6-F550-4F43-BCE0-6EBF1CC91E4E}.Release|x86.ActiveCfg = Release|x86
		{3F6835D6-F550-4F43-BCE0-6EBF1CC91E4E}.Release|x86.Build.0 = Release|x86
		{3F6835D6-F550-4F43-BCE0-6EBF1CC91E4E}.Release|x86.Deploy.0 = Release|x86
		{6D5B92D4-C157-4117-874D-B8216B7E07F3}.Debug|ARM.ActiveCfg = Debug|ARM
		{6D5B92D4-C157-4117-874D-B8216B7E07F3}.Debug|ARM.Build.0 = Debug|ARM
		{6D5B92D4-C157-4117-874D-B8216B7E07F3}.Debug|ARM.Deploy.0 = Debug|ARM
		{6D5B92D4-C157-4117-874D-B8216B7E07F3}.Debug|x64.ActiveCfg = Debug|x64
		{6D5B92D4-C157-4117-874D-B8216B7E07F3}.Debug|x64.Build.0 = Debug|x64
		{6D5B92D4-C157-4117-874D-B8216B7E07F3}.Debug|x64.Deploy.0 = Debug|x64
		{6D5B92D4-C157-4117-874D-B8216B7E07F3}.Debug|x86.ActiveCfg = Debug|x86
		{6D5B92D4-C157-4117-874D-B8216B7E07F3}.Debug|x86.Build.0 = Debug|x86
		{6D5B92D4-C157-4117-874D-B8216B7E07F3}.Debug|x86.Deploy.0 = Debug|x86
		{6D5B92D4-C157-4117-874D-B8216B7E07F3}.Release|ARM.ActiveCfg = Release|ARM
		{6D5B92D4-C157-4117-874D-B8216B7E07F3}.Release|ARM.Build.0 = Release|ARM
		{6D5B92D4-C157-4117-874D-B8216B7E07F3}.Release|ARM.Deploy.0 = Release|ARM
		{6D5B92D4-C157-4117-874D-B8216B7E07F3}.Release|x64.ActiveCfg = Release|x64
		{6D5B92D4-C157-4117-874D-B8216B7E07F3}.Release|x64.Build.0 = Release|x64
		{6D5B92D4-C157-4117-874D-B8216B7E07F3}.Release|x64.Deploy.0 = Release|x64
		{6D5B92D4-C157-4117-874D-B8216B7E07F3}.Release|x86.ActiveCfg = Release|x86
		{6D5B92D4-C157-4117-874D-B8216B7E07F3}.Release|x86.Build.0 = Release|x86
		{6D5B92D4-C157-4117-874D-B8216B7E07F3}.Release|x86.Deploy.0 = Release|x86
		{721F4F32-4A06-4185-A6EC-EEFC28796D62}.Debug|ARM.ActiveCfg = Debug|ARM
		{721F4F32-4A06-4185-A6EC-EEFC28796D62}.Debug|ARM.Build.0 = Debug|ARM
		{721F4F32-4A06-4185-A6EC-EEFC28796D62}.Debug|ARM.Deploy.0 = Debug|ARM
		{721F4F32-4A06-4185-A6EC-EEFC28796D62}.Debug|x64.ActiveCfg = Debug|x64
		{721F4F32-4A06-4185-A6EC-EEFC28796D62}.Debug|x64.Build.0 = Debug|x64
		{721F4F32-4A06-4185-A6EC-EEFC28796D62}.Debug|x64.Deploy.0 = Debug|x64
		{721F4F32-4A06-4185-A6EC-EEFC28796D62}.Debug|x86.ActiveCfg = Debug|x86
		{721F4F32-4A06-4185-A6EC-EEFC28796D62}.Debug|x86.Build.0 = Debug|x86
		{721F4F32-4A06-4185-A6EC-EEFC28796D62}.Debug|x86.Deploy.0 = Debug|x86
		{721F4F32-4A06-4185-A6EC-EEFC28796D62}.Release|ARM.ActiveCfg = Release|ARM
		{721F4F32-4A06-4185-A6EC-EEFC28796D62}.Release|ARM.Build.0 = Release|ARM
		{721F4F32-4A06-4185-A6EC-EEFC28796D62}.Release|ARM.Deploy.0 = Release|ARM
		{721F4F32-4A06-4185-A6EC-EEFC28796D62}.Release|x64.ActiveCfg = Release|x64
		{721F4F32-4A06-4185-A6EC-EEFC28796D62}.Release|x64.Build.0 = Release|x64
		{721F4F32-4A06-4185-A6EC-EEFC28796D62}.Release|x64.Deploy.0 = Release|x64
		{721F4F32-4A06-4185-A6EC-EEFC28796D62}.Release|x86.ActiveCfg = Release|x86
		{721F4F32-4A06-4185-A6EC-EEFC28796D62}.Release|x86.Build.0 = Release|x86
		{721F4F32-4A06-4185-A6EC-EEFC28796D62}.Release|x86.Deploy.0 = Release|x86
	EndGlobalSection
	GlobalSection(SolutionProperties) = preSolution
		HideSolutionNode = FALSE
	EndGlobalSection
EndGlobal
